
Microsoft Visual Studio Solution File, Format Version 12.00
# Visual Studio Version 16
VisualStudioVersion = 16.0.31005.135
MinimumVisualStudioVersion = 10.0.40219.1
Project("{FAE04EC0-301F-11D3-BF4B-00C04F79EFBC}") = "OswrenAPI", "OswrenAPI\OswrenAPI.csproj", "{AACCA59D-E961-47B0-B15C-58EE7FD177CD}"
EndProject
Global
	GlobalSection(SolutionConfigurationPlatforms) = preSolution
		Debug|Any CPU = Debug|Any CPU
		Release|Any CPU = Release|Any CPU
	EndGlobalSection
	GlobalSection(ProjectConfigurationPlatforms) = postSolution
		{AACCA59D-E961-47B0-B15C-58EE7FD177CD}.Debug|Any CPU.ActiveCfg = Debug|Any CPU
		{AACCA59D-E961-47B0-B15C-58EE7FD177CD}.Debug|Any CPU.Build.0 = Debug|Any CPU
		{AACCA59D-E961-47B0-B15C-58EE7FD177CD}.Release|Any CPU.ActiveCfg = Release|Any CPU
		{AACCA59D-E961-47B0-B15C-58EE7FD177CD}.Release|Any CPU.Build.0 = Release|Any CPU
	EndGlobalSection
	GlobalSection(SolutionProperties) = preSolution
		HideSolutionNode = FALSE
	EndGlobalSection
	GlobalSection(ExtensibilityGlobals) = postSolution
		SolutionGuid = {66935C7B-4D91-4652-81D9-28041A187621}
	EndGlobalSection
EndGlobal
